// !$*UTF8*$!
{
	archiveVersion = 1;
	classes = {
	};
	objectVersion = 77;
	objects = {

/* Begin PBXContainerItemProxy section */
		2A07FFE32CF899AD00EC5554 /* PBXContainerItemProxy */ = {
			isa = PBXContainerItemProxy;
			containerPortal = 2A07FFC42CF899AC00EC5554 /* Project object */;
			proxyType = 1;
			remoteGlobalIDString = 2A07FFCB2CF899AC00EC5554;
			remoteInfo = "DutchGamePlans Events";
		};
		2A07FFED2CF899AD00EC5554 /* PBXContainerItemProxy */ = {
			isa = PBXContainerItemProxy;
			containerPortal = 2A07FFC42CF899AC00EC5554 /* Project object */;
			proxyType = 1;
			remoteGlobalIDString = 2A07FFCB2CF899AC00EC5554;
			remoteInfo = "DutchGamePlans Events";
		};
/* End PBXContainerItemProxy section */

/* Begin PBXFileReference section */
		2A07FFCC2CF899AC00EC5554 /* DutchGamePlans Events.app */ = {isa = PBXFileReference; explicitFileType = wrapper.application; includeInIndex = 0; path = "DutchGamePlans Events.app"; sourceTree = BUILT_PRODUCTS_DIR; };
		2A07FFE22CF899AD00EC5554 /* DutchGamePlans EventsTests.xctest */ = {isa = PBXFileReference; explicitFileType = wrapper.cfbundle; includeInIndex = 0; path = "DutchGamePlans EventsTests.xctest"; sourceTree = BUILT_PRODUCTS_DIR; };
		2A07FFEC2CF899AD00EC5554 /* DutchGamePlans EventsUITests.xctest */ = {isa = PBXFileReference; explicitFileType = wrapper.cfbundle; includeInIndex = 0; path = "DutchGamePlans EventsUITests.xctest"; sourceTree = BUILT_PRODUCTS_DIR; };
/* End PBXFileReference section */

/* Begin PBXFileSystemSynchronizedBuildFileExceptionSet section */
		2A07FFF42CF899AD00EC5554 /* Exceptions for "DutchGamePlans Events" folder in "DutchGamePlans Events" target */ = {
			isa = PBXFileSystemSynchronizedBuildFileExceptionSet;
			membershipExceptions = (
				Info.plist,
			);
			target = 2A07FFCB2CF899AC00EC5554 /* DutchGamePlans Events */;
		};
/* End PBXFileSystemSynchronizedBuildFileExceptionSet section */

/* Begin PBXFileSystemSynchronizedRootGroup section */
		2A07FFCE2CF899AC00EC5554 /* DutchGamePlans Events */ = {
			isa = PBXFileSystemSynchronizedRootGroup;
			exceptions = (
				2A07FFF42CF899AD00EC5554 /* Exceptions for "DutchGamePlans Events" folder in "DutchGamePlans Events" target */,
			);
			path = "DutchGamePlans Events";
			sourceTree = "<group>";
		};
		2A07FFE52CF899AD00EC5554 /* DutchGamePlans EventsTests */ = {
			isa = PBXFileSystemSynchronizedRootGroup;
			path = "DutchGamePlans EventsTests";
			sourceTree = "<group>";
		};
		2A07FFEF2CF899AD00EC5554 /* DutchGamePlans EventsUITests */ = {
			isa = PBXFileSystemSynchronizedRootGroup;
			path = "DutchGamePlans EventsUITests";
			sourceTree = "<group>";
		};
/* End PBXFileSystemSynchronizedRootGroup section */

/* Begin PBXFrameworksBuildPhase section */
		2A07FFC92CF899AC00EC5554 /* Frameworks */ = {
			isa = PBXFrameworksBuildPhase;
			buildActionMask = 2147483647;
			files = (
			);
			runOnlyForDeploymentPostprocessing = 0;
		};
		2A07FFDF2CF899AD00EC5554 /* Frameworks */ = {
			isa = PBXFrameworksBuildPhase;
			buildActionMask = 2147483647;
			files = (
			);
			runOnlyForDeploymentPostprocessing = 0;
		};
		2A07FFE92CF899AD00EC5554 /* Frameworks */ = {
			isa = PBXFrameworksBuildPhase;
			buildActionMask = 2147483647;
			files = (
			);
			runOnlyForDeploymentPostprocessing = 0;
		};
/* End PBXFrameworksBuildPhase section */

/* Begin PBXGroup section */
		2A07FFC32CF899AC00EC5554 = {
			isa = PBXGroup;
			children = (
				2A07FFCE2CF899AC00EC5554 /* DutchGamePlans Events */,
				2A07FFE52CF899AD00EC5554 /* DutchGamePlans EventsTests */,
				2A07FFEF2CF899AD00EC5554 /* DutchGamePlans EventsUITests */,
				2A07FFCD2CF899AC00EC5554 /* Products */,
			);
			sourceTree = "<group>";
		};
		2A07FFCD2CF899AC00EC5554 /* Products */ = {
			isa = PBXGroup;
			children = (
				2A07FFCC2CF899AC00EC5554 /* DutchGamePlans Events.app */,
				2A07FFE22CF899AD00EC5554 /* DutchGamePlans EventsTests.xctest */,
				2A07FFEC2CF899AD00EC5554 /* DutchGamePlans EventsUITests.xctest */,
			);
			name = Products;
			sourceTree = "<group>";
		};
/* End PBXGroup section */

/* Begin PBXNativeTarget section */
		2A07FFCB2CF899AC00EC5554 /* DutchGamePlans Events */ = {
			isa = PBXNativeTarget;
			buildConfigurationList = 2A07FFF52CF899AD00EC5554 /* Build configuration list for PBXNativeTarget "DutchGamePlans Events" */;
			buildPhases = (
				2A07FFC82CF899AC00EC5554 /* Sources */,
				2A07FFC92CF899AC00EC5554 /* Frameworks */,
				2A07FFCA2CF899AC00EC5554 /* Resources */,
			);
			buildRules = (
			);
			dependencies = (
			);
			fileSystemSynchronizedGroups = (
				2A07FFCE2CF899AC00EC5554 /* DutchGamePlans Events */,
			);
			name = "DutchGamePlans Events";
			packageProductDependencies = (
			);
			productName = "DutchGamePlans Events";
			productReference = 2A07FFCC2CF899AC00EC5554 /* DutchGamePlans Events.app */;
			productType = "com.apple.product-type.application";
		};
		2A07FFE12CF899AD00EC5554 /* DutchGamePlans EventsTests */ = {
			isa = PBXNativeTarget;
			buildConfigurationList = 2A07FFFA2CF899AD00EC5554 /* Build configuration list for PBXNativeTarget "DutchGamePlans EventsTests" */;
			buildPhases = (
				2A07FFDE2CF899AD00EC5554 /* Sources */,
				2A07FFDF2CF899AD00EC5554 /* Frameworks */,
				2A07FFE02CF899AD00EC5554 /* Resources */,
			);
			buildRules = (
			);
			dependencies = (
				2A07FFE42CF899AD00EC5554 /* PBXTargetDependency */,
			);
			fileSystemSynchronizedGroups = (
				2A07FFE52CF899AD00EC5554 /* DutchGamePlans EventsTests */,
			);
			name = "DutchGamePlans EventsTests";
			packageProductDependencies = (
			);
			productName = "DutchGamePlans EventsTests";
			productReference = 2A07FFE22CF899AD00EC5554 /* DutchGamePlans EventsTests.xctest */;
			productType = "com.apple.product-type.bundle.unit-test";
		};
		2A07FFEB2CF899AD00EC5554 /* DutchGamePlans EventsUITests */ = {
			isa = PBXNativeTarget;
			buildConfigurationList = 2A07FFFD2CF899AD00EC5554 /* Build configuration list for PBXNativeTarget "DutchGamePlans EventsUITests" */;
			buildPhases = (
				2A07FFE82CF899AD00EC5554 /* Sources */,
				2A07FFE92CF899AD00EC5554 /* Frameworks */,
				2A07FFEA2CF899AD00EC5554 /* Resources */,
			);
			buildRules = (
			);
			dependencies = (
				2A07FFEE2CF899AD00EC5554 /* PBXTargetDependency */,
			);
			fileSystemSynchronizedGroups = (
				2A07FFEF2CF899AD00EC5554 /* DutchGamePlans EventsUITests */,
			);
			name = "DutchGamePlans EventsUITests";
			packageProductDependencies = (
			);
			productName = "DutchGamePlans EventsUITests";
			productReference = 2A07FFEC2CF899AD00EC5554 /* DutchGamePlans EventsUITests.xctest */;
			productType = "com.apple.product-type.bundle.ui-testing";
		};
/* End PBXNativeTarget section */

/* Begin PBXProject section */
		2A07FFC42CF899AC00EC5554 /* Project object */ = {
			isa = PBXProject;
			attributes = {
				BuildIndependentTargetsInParallel = 1;
				LastSwiftUpdateCheck = 1610;
				LastUpgradeCheck = 1610;
				TargetAttributes = {
					2A07FFCB2CF899AC00EC5554 = {
						CreatedOnToolsVersion = 16.1;
					};
					2A07FFE12CF899AD00EC5554 = {
						CreatedOnToolsVersion = 16.1;
						TestTargetID = 2A07FFCB2CF899AC00EC5554;
					};
					2A07FFEB2CF899AD00EC5554 = {
						CreatedOnToolsVersion = 16.1;
						TestTargetID = 2A07FFCB2CF899AC00EC5554;
					};
				};
			};
			buildConfigurationList = 2A07FFC72CF899AC00EC5554 /* Build configuration list for PBXProject "DutchGamePlans Events" */;
			developmentRegion = en;
			hasScannedForEncodings = 0;
			knownRegions = (
				en,
				Base,
			);
			mainGroup = 2A07FFC32CF899AC00EC5554;
			minimizedProjectReferenceProxies = 1;
			preferredProjectObjectVersion = 77;
			productRefGroup = 2A07FFCD2CF899AC00EC5554 /* Products */;
			projectDirPath = "";
			projectRoot = "";
			targets = (
				2A07FFCB2CF899AC00EC5554 /* DutchGamePlans Events */,
				2A07FFE12CF899AD00EC5554 /* DutchGamePlans EventsTests */,
				2A07FFEB2CF899AD00EC5554 /* DutchGamePlans EventsUITests */,
			);
		};
/* End PBXProject section */

/* Begin PBXResourcesBuildPhase section */
		2A07FFCA2CF899AC00EC5554 /* Resources */ = {
			isa = PBXResourcesBuildPhase;
			buildActionMask = 2147483647;
			files = (
			);
			runOnlyForDeploymentPostprocessing = 0;
		};
		2A07FFE02CF899AD00EC5554 /* Resources */ = {
			isa = PBXResourcesBuildPhase;
			buildActionMask = 2147483647;
			files = (
			);
			runOnlyForDeploymentPostprocessing = 0;
		};
		2A07FFEA2CF899AD00EC5554 /* Resources */ = {
			isa = PBXResourcesBuildPhase;
			buildActionMask = 2147483647;
			files = (
			);
			runOnlyForDeploymentPostprocessing = 0;
		};
/* End PBXResourcesBuildPhase section */

/* Begin PBXSourcesBuildPhase section */
		2A07FFC82CF899AC00EC5554 /* Sources */ = {
			isa = PBXSourcesBuildPhase;
			buildActionMask = 2147483647;
			files = (
			);
			runOnlyForDeploymentPostprocessing = 0;
		};
		2A07FFDE2CF899AD00EC5554 /* Sources */ = {
			isa = PBXSourcesBuildPhase;
			buildActionMask = 2147483647;
			files = (
			);
			runOnlyForDeploymentPostprocessing = 0;
		};
		2A07FFE82CF899AD00EC5554 /* Sources */ = {
			isa = PBXSourcesBuildPhase;
			buildActionMask = 2147483647;
			files = (
			);
			runOnlyForDeploymentPostprocessing = 0;
		};
/* End PBXSourcesBuildPhase section */

/* Begin PBXTargetDependency section */
		2A07FFE42CF899AD00EC5554 /* PBXTargetDependency */ = {
			isa = PBXTargetDependency;
			target = 2A07FFCB2CF899AC00EC5554 /* DutchGamePlans Events */;
			targetProxy = 2A07FFE32CF899AD00EC5554 /* PBXContainerItemProxy */;
		};
		2A07FFEE2CF899AD00EC5554 /* PBXTargetDependency */ = {
			isa = PBXTargetDependency;
			target = 2A07FFCB2CF899AC00EC5554 /* DutchGamePlans Events */;
			targetProxy = 2A07FFED2CF899AD00EC5554 /* PBXContainerItemProxy */;
		};
/* End PBXTargetDependency section */

/* Begin XCBuildConfiguration section */
		2A07FFF62CF899AD00EC5554 /* Debug */ = {
			isa = XCBuildConfiguration;
			buildSettings = {
				ASSETCATALOG_COMPILER_APPICON_NAME = AppIcon;
				ASSETCATALOG_COMPILER_GLOBAL_ACCENT_COLOR_NAME = AccentColor;
				CODE_SIGN_STYLE = Automatic;
				CURRENT_PROJECT_VERSION = 1;
				DEVELOPMENT_TEAM = V2828N5J73;
				GENERATE_INFOPLIST_FILE = YES;
				INFOPLIST_FILE = "DutchGamePlans Events/Info.plist";
				INFOPLIST_KEY_UIApplicationSupportsIndirectInputEvents = YES;
				INFOPLIST_KEY_UILaunchStoryboardName = LaunchScreen;
				INFOPLIST_KEY_UIMainStoryboardFile = Main;
				INFOPLIST_KEY_UISupportedInterfaceOrientations_iPad = "UIInterfaceOrientationPortrait UIInterfaceOrientationPortraitUpsideDown UIInterfaceOrientationLandscapeLeft UIInterfaceOrientationLandscapeRight";
				INFOPLIST_KEY_UISupportedInterfaceOrientations_iPhone = "UIInterfaceOrientationPortrait UIInterfaceOrientationLandscapeLeft UIInterfaceOrientationLandscapeRight";
				LD_RUNPATH_SEARCH_PATHS = (
					"$(inherited)",
					"@executable_path/Frameworks",
				);
				MARKETING_VERSION = 1.0;
				PRODUCT_BUNDLE_IDENTIFIER = "dutchgameplans.com.DutchGamePlans-Events";
				PRODUCT_NAME = "$(TARGET_NAME)";
				SWIFT_EMIT_LOC_STRINGS = YES;
				SWIFT_VERSION = 5.0;
				TARGETED_DEVICE_FAMILY = "1,2";
			};
			name = Debug;
		};
		2A07FFF72CF899AD00EC5554 /* Release */ = {
			isa = XCBuildConfiguration;
			buildSettings = {
				ASSETCATALOG_COMPILER_APPICON_NAME = AppIcon;
				ASSETCATALOG_COMPILER_GLOBAL_ACCENT_COLOR_NAME = AccentColor;
				CODE_SIGN_STYLE = Automatic;
				CURRENT_PROJECT_VERSION = 1;
				DEVELOPMENT_TEAM = V2828N5J73;
				GENERATE_INFOPLIST_FILE = YES;
				INFOPLIST_FILE = "DutchGamePlans Events/Info.plist";
				INFOPLIST_KEY_UIApplicationSupportsIndirectInputEvents = YES;
				INFOPLIST_KEY_UILaunchStoryboardName = LaunchScreen;
				INFOPLIST_KEY_UIMainStoryboardFile = Main;
				INFOPLIST_KEY_UISupportedInterfaceOrientations_iPad = "UIInterfaceOrientationPortrait UIInterfaceOrientationPortraitUpsideDown UIInterfaceOrientationLandscapeLeft UIInterfaceOrientationLandscapeRight";
				INFOPLIST_KEY_UISupportedInterfaceOrientations_iPhone = "UIInterfaceOrientationPortrait UIInterfaceOrientationLandscapeLeft UIInterfaceOrientationLandscapeRight";
				LD_RUNPATH_SEARCH_PATHS = (
					"$(inherited)",
					"@executable_path/Frameworks",
				);
				MARKETING_VERSION = 1.0;
				PRODUCT_BUNDLE_IDENTIFIER = "dutchgameplans.com.DutchGamePlans-Events";
				PRODUCT_NAME = "$(TARGET_NAME)";
				SWIFT_EMIT_LOC_STRINGS = YES;
				SWIFT_VERSION = 5.0;
				TARGETED_DEVICE_FAMILY = "1,2";
			};
			name = Release;
		};
		2A07FFF82CF899AD00EC5554 /* Debug */ = {
			isa = XCBuildConfiguration;
			buildSettings = {
				ALWAYS_SEARCH_USER_PATHS = NO;
				ASSETCATALOG_COMPILER_GENERATE_SWIFT_ASSET_SYMBOL_EXTENSIONS = YES;
				CLANG_ANALYZER_NONNULL = YES;
				CLANG_ANALYZER_NUMBER_OBJECT_CONVERSION = YES_AGGRESSIVE;
				CLANG_CXX_LANGUAGE_STANDARD = "gnu++20";
				CLANG_ENABLE_MODULES = YES;
				CLANG_ENABLE_OBJC_ARC = YES;
				CLANG_ENABLE_OBJC_WEAK = YES;
				CLANG_WARN_BLOCK_CAPTURE_AUTORELEASING = YES;
				CLANG_WARN_BOOL_CONVERSION = YES;
				CLANG_WARN_COMMA = YES;
				CLANG_WARN_CONSTANT_CONVERSION = YES;
				CLANG_WARN_DEPRECATED_OBJC_IMPLEMENTATIONS = YES;
				CLANG_WARN_DIRECT_OBJC_ISA_USAGE = YES_ERROR;
				CLANG_WARN_DOCUMENTATION_COMMENTS = YES;
				CLANG_WARN_EMPTY_BODY = YES;
				CLANG_WARN_ENUM_CONVERSION = YES;
				CLANG_WARN_INFINITE_RECURSION = YES;
				CLANG_WARN_INT_CONVERSION = YES;
				CLANG_WARN_NON_LITERAL_NULL_CONVERSION = YES;
				CLANG_WARN_OBJC_IMPLICIT_RETAIN_SELF = YES;
				CLANG_WARN_OBJC_LITERAL_CONVERSION = YES;
				CLANG_WARN_OBJC_ROOT_CLASS = YES_ERROR;
				CLANG_WARN_QUOTED_INCLUDE_IN_FRAMEWORK_HEADER = YES;
				CLANG_WARN_RANGE_LOOP_ANALYSIS = YES;
				CLANG_WARN_STRICT_PROTOTYPES = YES;
				CLANG_WARN_SUSPICIOUS_MOVE = YES;
				CLANG_WARN_UNGUARDED_AVAILABILITY = YES_AGGRESSIVE;
				CLANG_WARN_UNREACHABLE_CODE = YES;
				CLANG_WARN__DUPLICATE_METHOD_MATCH = YES;
				COPY_PHASE_STRIP = NO;
				DEBUG_INFORMATION_FORMAT = dwarf;
				ENABLE_STRICT_OBJC_MSGSEND = YES;
				ENABLE_TESTABILITY = YES;
				ENABLE_USER_SCRIPT_SANDBOXING = YES;
				GCC_C_LANGUAGE_STANDARD = gnu17;
				GCC_DYNAMIC_NO_PIC = NO;
				GCC_NO_COMMON_BLOCKS = YES;
				GCC_OPTIMIZATION_LEVEL = 0;
				GCC_PREPROCESSOR_DEFINITIONS = (
					"DEBUG=1",
					"$(inherited)",
				);
				GCC_WARN_64_TO_32_BIT_CONVERSION = YES;
				GCC_WARN_ABOUT_RETURN_TYPE = YES_ERROR;
				GCC_WARN_UNDECLARED_SELECTOR = YES;
				GCC_WARN_UNINITIALIZED_AUTOS = YES_AGGRESSIVE;
				GCC_WARN_UNUSED_FUNCTION = YES;
				GCC_WARN_UNUSED_VARIABLE = YES;
				IPHONEOS_DEPLOYMENT_TARGET = 18.1;
				LOCALIZATION_PREFERS_STRING_CATALOGS = YES;
				MTL_ENABLE_DEBUG_INFO = INCLUDE_SOURCE;
				MTL_FAST_MATH = YES;
				ONLY_ACTIVE_ARCH = YES;
				SDKROOT = iphoneos;
				SWIFT_ACTIVE_COMPILATION_CONDITIONS = "DEBUG $(inherited)";
				SWIFT_OPTIMIZATION_LEVEL = "-Onone";
			};
			name = Debug;
		};
		2A07FFF92CF899AD00EC5554 /* Release */ = {
			isa = XCBuildConfiguration;
			buildSettings = {
				ALWAYS_SEARCH_USER_PATHS = NO;
				ASSETCATALOG_COMPILER_GENERATE_SWIFT_ASSET_SYMBOL_EXTENSIONS = YES;
				CLANG_ANALYZER_NONNULL = YES;
				CLANG_ANALYZER_NUMBER_OBJECT_CONVERSION = YES_AGGRESSIVE;
				CLANG_CXX_LANGUAGE_STANDARD = "gnu++20";
				CLANG_ENABLE_MODULES = YES;
				CLANG_ENABLE_OBJC_ARC = YES;
				CLANG_ENABLE_OBJC_WEAK = YES;
				CLANG_WARN_BLOCK_CAPTURE_AUTORELEASING = YES;
				CLANG_WARN_BOOL_CONVERSION = YES;
				CLANG_WARN_COMMA = YES;
				CLANG_WARN_CONSTANT_CONVERSION = YES;
				CLANG_WARN_DEPRECATED_OBJC_IMPLEMENTATIONS = YES;
				CLANG_WARN_DIRECT_OBJC_ISA_USAGE = YES_ERROR;
				CLANG_WARN_DOCUMENTATION_COMMENTS = YES;
				CLANG_WARN_EMPTY_BODY = YES;
				CLANG_WARN_ENUM_CONVERSION = YES;
				CLANG_WARN_INFINITE_RECURSION = YES;
				CLANG_WARN_INT_CONVERSION = YES;
				CLANG_WARN_NON_LITERAL_NULL_CONVERSION = YES;
				CLANG_WARN_OBJC_IMPLICIT_RETAIN_SELF = YES;
				CLANG_WARN_OBJC_LITERAL_CONVERSION = YES;
				CLANG_WARN_OBJC_ROOT_CLASS = YES_ERROR;
				CLANG_WARN_QUOTED_INCLUDE_IN_FRAMEWORK_HEADER = YES;
				CLANG_WARN_RANGE_LOOP_ANALYSIS = YES;
				CLANG_WARN_STRICT_PROTOTYPES = YES;
				CLANG_WARN_SUSPICIOUS_MOVE = YES;
				CLANG_WARN_UNGUARDED_AVAILABILITY = YES_AGGRESSIVE;
				CLANG_WARN_UNREACHABLE_CODE = YES;
				CLANG_WARN__DUPLICATE_METHOD_MATCH = YES;
				COPY_PHASE_STRIP = NO;
				DEBUG_INFORMATION_FORMAT = "dwarf-with-dsym";
				ENABLE_NS_ASSERTIONS = NO;
				ENABLE_STRICT_OBJC_MSGSEND = YES;
				ENABLE_USER_SCRIPT_SANDBOXING = YES;
				GCC_C_LANGUAGE_STANDARD = gnu17;
				GCC_NO_COMMON_BLOCKS = YES;
				GCC_WARN_64_TO_32_BIT_CONVERSION = YES;
				GCC_WARN_ABOUT_RETURN_TYPE = YES_ERROR;
				GCC_WARN_UNDECLARED_SELECTOR = YES;
				GCC_WARN_UNINITIALIZED_AUTOS = YES_AGGRESSIVE;
				GCC_WARN_UNUSED_FUNCTION = YES;
				GCC_WARN_UNUSED_VARIABLE = YES;
				IPHONEOS_DEPLOYMENT_TARGET = 18.1;
				LOCALIZATION_PREFERS_STRING_CATALOGS = YES;
				MTL_ENABLE_DEBUG_INFO = NO;
				MTL_FAST_MATH = YES;
				SDKROOT = iphoneos;
				SWIFT_COMPILATION_MODE = wholemodule;
				VALIDATE_PRODUCT = YES;
			};
			name = Release;
		};
		2A07FFFB2CF899AD00EC5554 /* Debug */ = {
			isa = XCBuildConfiguration;
			buildSettings = {
				BUNDLE_LOADER = "$(TEST_HOST)";
				CODE_SIGN_STYLE = Automatic;
				CURRENT_PROJECT_VERSION = 1;
				DEVELOPMENT_TEAM = V2828N5J73;
				GENERATE_INFOPLIST_FILE = YES;
				IPHONEOS_DEPLOYMENT_TARGET = 18.1;
				MARKETING_VERSION = 1.0;
				PRODUCT_BUNDLE_IDENTIFIER = "dutchgameplans.com.DutchGamePlans-EventsTests";
				PRODUCT_NAME = "$(TARGET_NAME)";
				SWIFT_EMIT_LOC_STRINGS = NO;
				SWIFT_VERSION = 5.0;
				TARGETED_DEVICE_FAMILY = "1,2";
				TEST_HOST = "$(BUILT_PRODUCTS_DIR)/DutchGamePlans Events.app/$(BUNDLE_EXECUTABLE_FOLDER_PATH)/DutchGamePlans Events";
			};
			name = Debug;
		};
		2A07FFFC2CF899AD00EC5554 /* Release */ = {
			isa = XCBuildConfiguration;
			buildSettings = {
				BUNDLE_LOADER = "$(TEST_HOST)";
				CODE_SIGN_STYLE = Automatic;
				CURRENT_PROJECT_VERSION = 1;
				DEVELOPMENT_TEAM = V2828N5J73;
				GENERATE_INFOPLIST_FILE = YES;
				IPHONEOS_DEPLOYMENT_TARGET = 18.1;
				MARKETING_VERSION = 1.0;
				PRODUCT_BUNDLE_IDENTIFIER = "dutchgameplans.com.DutchGamePlans-EventsTests";
				PRODUCT_NAME = "$(TARGET_NAME)";
				SWIFT_EMIT_LOC_STRINGS = NO;
				SWIFT_VERSION = 5.0;
				TARGETED_DEVICE_FAMILY = "1,2";
				TEST_HOST = "$(BUILT_PRODUCTS_DIR)/DutchGamePlans Events.app/$(BUNDLE_EXECUTABLE_FOLDER_PATH)/DutchGamePlans Events";
			};
			name = Release;
		};
		2A07FFFE2CF899AD00EC5554 /* Debug */ = {
			isa = XCBuildConfiguration;
			buildSettings = {
				CODE_SIGN_STYLE = Automatic;
				CURRENT_PROJECT_VERSION = 1;
				DEVELOPMENT_TEAM = V2828N5J73;
				GENERATE_INFOPLIST_FILE = YES;
				MARKETING_VERSION = 1.0;
				PRODUCT_BUNDLE_IDENTIFIER = "dutchgameplans.com.DutchGamePlans-EventsUITests";
				PRODUCT_NAME = "$(TARGET_NAME)";
				SWIFT_EMIT_LOC_STRINGS = NO;
				SWIFT_VERSION = 5.0;
				TARGETED_DEVICE_FAMILY = "1,2";
				TEST_TARGET_NAME = "DutchGamePlans Events";
			};
			name = Debug;
		};
		2A07FFFF2CF899AD00EC5554 /* Release */ = {
			isa = XCBuildConfiguration;
			buildSettings = {
				CODE_SIGN_STYLE = Automatic;
				CURRENT_PROJECT_VERSION = 1;
				DEVELOPMENT_TEAM = V2828N5J73;
				GENERATE_INFOPLIST_FILE = YES;
				MARKETING_VERSION = 1.0;
				PRODUCT_BUNDLE_IDENTIFIER = "dutchgameplans.com.DutchGamePlans-EventsUITests";
				PRODUCT_NAME = "$(TARGET_NAME)";
				SWIFT_EMIT_LOC_STRINGS = NO;
				SWIFT_VERSION = 5.0;
				TARGETED_DEVICE_FAMILY = "1,2";
				TEST_TARGET_NAME = "DutchGamePlans Events";
			};
			name = Release;
		};
/* End XCBuildConfiguration section */

/* Begin XCConfigurationList section */
		2A07FFC72CF899AC00EC5554 /* Build configuration list for PBXProject "DutchGamePlans Events" */ = {
			isa = XCConfigurationList;
			buildConfigurations = (
				2A07FFF82CF899AD00EC5554 /* Debug */,
				2A07FFF92CF899AD00EC5554 /* Release */,
			);
			defaultConfigurationIsVisible = 0;
			defaultConfigurationName = Release;
		};
		2A07FFF52CF899AD00EC5554 /* Build configuration list for PBXNativeTarget "DutchGamePlans Events" */ = {
			isa = XCConfigurationList;
			buildConfigurations = (
				2A07FFF62CF899AD00EC5554 /* Debug */,
				2A07FFF72CF899AD00EC5554 /* Release */,
			);
			defaultConfigurationIsVisible = 0;
			defaultConfigurationName = Release;
		};
		2A07FFFA2CF899AD00EC5554 /* Build configuration list for PBXNativeTarget "DutchGamePlans EventsTests" */ = {
			isa = XCConfigurationList;
			buildConfigurations = (
				2A07FFFB2CF899AD00EC5554 /* Debug */,
				2A07FFFC2CF899AD00EC5554 /* Release */,
			);
			defaultConfigurationIsVisible = 0;
			defaultConfigurationName = Release;
		};
		2A07FFFD2CF899AD00EC5554 /* Build configuration list for PBXNativeTarget "DutchGamePlans EventsUITests" */ = {
			isa = XCConfigurationList;
			buildConfigurations = (
				2A07FFFE2CF899AD00EC5554 /* Debug */,
				2A07FFFF2CF899AD00EC5554 /* Release */,
			);
			defaultConfigurationIsVisible = 0;
			defaultConfigurationName = Release;
		};
/* End XCConfigurationList section */
	};
	rootObject = 2A07FFC42CF899AC00EC5554 /* Project object */;
}
